
Microsoft Visual Studio Solution File, Format Version 12.00
# Visual Studio 2012
Project("{FAE04EC0-301F-11D3-BF4B-00C04F79EFBC}") = "Coderoom.LoadBalancer", "Coderoom.LoadBalancer\Coderoom.LoadBalancer.csproj", "{0E67B839-B0F5-4866-B612-EA9B0A4428A0}"
EndProject
Project("{FAE04EC0-301F-11D3-BF4B-00C04F79EFBC}") = "Coderoom.LoadBalancer.Service", "Coderoom.LoadBalancer.Service\Coderoom.LoadBalancer.Service.csproj", "{F8DECA4D-8C84-4506-BEBE-E653A0F1EEC6}"
EndProject
Project("{FAE04EC0-301F-11D3-BF4B-00C04F79EFBC}") = "Coderoom.LoadBalancer.IntegrationTests", "Coderoom.LoadBalancer.IntegrationTests\Coderoom.LoadBalancer.IntegrationTests.csproj", "{0F784B43-0794-4087-8031-A8DD8FED4A50}"
EndProject
Project("{FAE04EC0-301F-11D3-BF4B-00C04F79EFBC}") = "Coderoom.LoadBalancer.Specifications", "Coderoom.LoadBalancer.Specifications\Coderoom.LoadBalancer.Specifications.csproj", "{A46A3DE9-D01D-4778-AC8D-AF9229C49910}"
EndProject
Project("{FAE04EC0-301F-11D3-BF4B-00C04F79EFBC}") = "Coderoom.LoadBalancer.Diagnostics", "Coderoom.LoadBalancer.Diagnostics\Coderoom.LoadBalancer.Diagnostics.csproj", "{F6B9CDA6-636C-486E-902D-97DAD213B96F}"
EndProject
Project("{2150E333-8FDC-42A3-9474-1A3956D46DE8}") = ".nuget", ".nuget", "{592429B7-EAF3-4F9C-A91E-2AFE7EDBC22C}"
	ProjectSection(SolutionItems) = preProject
		.nuget\packages.config = .nuget\packages.config
	EndProjectSection
EndProject
Global
	GlobalSection(SolutionConfigurationPlatforms) = preSolution
		Debug|Any CPU = Debug|Any CPU
		Release|Any CPU = Release|Any CPU
	EndGlobalSection
	GlobalSection(ProjectConfigurationPlatforms) = postSolution
		{0E67B839-B0F5-4866-B612-EA9B0A4428A0}.Debug|Any CPU.ActiveCfg = Debug|Any CPU
		{0E67B839-B0F5-4866-B612-EA9B0A4428A0}.Debug|Any CPU.Build.0 = Debug|Any CPU
		{0E67B839-B0F5-4866-B612-EA9B0A4428A0}.Release|Any CPU.ActiveCfg = Release|Any CPU
		{0E67B839-B0F5-4866-B612-EA9B0A4428A0}.Release|Any CPU.Build.0 = Release|Any CPU
		{F8DECA4D-8C84-4506-BEBE-E653A0F1EEC6}.Debug|Any CPU.ActiveCfg = Debug|Any CPU
		{F8DECA4D-8C84-4506-BEBE-E653A0F1EEC6}.Debug|Any CPU.Build.0 = Debug|Any CPU
		{F8DECA4D-8C84-4506-BEBE-E653A0F1EEC6}.Release|Any CPU.ActiveCfg = Release|Any CPU
		{F8DECA4D-8C84-4506-BEBE-E653A0F1EEC6}.Release|Any CPU.Build.0 = Release|Any CPU
		{0F784B43-0794-4087-8031-A8DD8FED4A50}.Debug|Any CPU.ActiveCfg = Debug|Any CPU
		{0F784B43-0794-4087-8031-A8DD8FED4A50}.Debug|Any CPU.Build.0 = Debug|Any CPU
		{0F784B43-0794-4087-8031-A8DD8FED4A50}.Release|Any CPU.ActiveCfg = Release|Any CPU
		{0F784B43-0794-4087-8031-A8DD8FED4A50}.Release|Any CPU.Build.0 = Release|Any CPU
		{A46A3DE9-D01D-4778-AC8D-AF9229C49910}.Debug|Any CPU.ActiveCfg = Debug|Any CPU
		{A46A3DE9-D01D-4778-AC8D-AF9229C49910}.Debug|Any CPU.Build.0 = Debug|Any CPU
		{A46A3DE9-D01D-4778-AC8D-AF9229C49910}.Release|Any CPU.ActiveCfg = Release|Any CPU
		{A46A3DE9-D01D-4778-AC8D-AF9229C49910}.Release|Any CPU.Build.0 = Release|Any CPU
		{F6B9CDA6-636C-486E-902D-97DAD213B96F}.Debug|Any CPU.ActiveCfg = Debug|Any CPU
		{F6B9CDA6-636C-486E-902D-97DAD213B96F}.Debug|Any CPU.Build.0 = Debug|Any CPU
		{F6B9CDA6-636C-486E-902D-97DAD213B96F}.Release|Any CPU.ActiveCfg = Release|Any CPU
		{F6B9CDA6-636C-486E-902D-97DAD213B96F}.Release|Any CPU.Build.0 = Release|Any CPU
	EndGlobalSection
	GlobalSection(SolutionProperties) = preSolution
		HideSolutionNode = FALSE
	EndGlobalSection
EndGlobal
